
Microsoft Visual Studio Solution File, Format Version 12.00
# Visual Studio 15
VisualStudioVersion = 15.0.28307.1062
MinimumVisualStudioVersion = 10.0.40219.1
Project("{8BC9CEB8-8B4A-11D0-8D11-00A0C91BC942}") = "NesEmulator", "NesEmulator.vcxproj", "{2BC96208-B39C-4593-BBFF-E472EF6F93E1}"
	ProjectSection(ProjectDependencies) = postProject
		{1C92BE46-2197-49F2-BC95-4A67701B7F39} = {1C92BE46-2197-49F2-BC95-4A67701B7F39}
	EndProjectSection
EndProject
Project("{8BC9CEB8-8B4A-11D0-8D11-00A0C91BC942}") = "Core", "..\Core\Core.vcxproj", "{1C92BE46-2197-49F2-BC95-4A67701B7F39}"
EndProject
Global
	GlobalSection(SolutionConfigurationPlatforms) = preSolution
		Debug|x64 = Debug|x64
		Debug|x86 = Debug|x86
		Release|x64 = Release|x64
		Release|x86 = Release|x86
	EndGlobalSection
	GlobalSection(ProjectConfigurationPlatforms) = postSolution
		{2BC96208-B39C-4593-BBFF-E472EF6F93E1}.Debug|x64.ActiveCfg = Debug|x64
		{2BC96208-B39C-4593-BBFF-E472EF6F93E1}.Debug|x64.Build.0 = Debug|x64
		{2BC96208-B39C-4593-BBFF-E472EF6F93E1}.Debug|x86.ActiveCfg = Debug|Win32
		{2BC96208-B39C-4593-BBFF-E472EF6F93E1}.Debug|x86.Build.0 = Debug|Win32
		{2BC96208-B39C-4593-BBFF-E472EF6F93E1}.Release|x64.ActiveCfg = Release|x64
		{2BC96208-B39C-4593-BBFF-E472EF6F93E1}.Release|x64.Build.0 = Release|x64
		{2BC96208-B39C-4593-BBFF-E472EF6F93E1}.Release|x86.ActiveCfg = Release|Win32
		{2BC96208-B39C-4593-BBFF-E472EF6F93E1}.Release|x86.Build.0 = Release|Win32
		{1C92BE46-2197-49F2-BC95-4A67701B7F39}.Debug|x64.ActiveCfg = Debug|x64
		{1C92BE46-2197-49F2-BC95-4A67701B7F39}.Debug|x64.Build.0 = Debug|x64
		{1C92BE46-2197-49F2-BC95-4A67701B7F39}.Debug|x86.ActiveCfg = Debug|Win32
		{1C92BE46-2197-49F2-BC95-4A67701B7F39}.Debug|x86.Build.0 = Debug|Win32
		{1C92BE46-2197-49F2-BC95-4A67701B7F39}.Release|x64.ActiveCfg = Release|x64
		{1C92BE46-2197-49F2-BC95-4A67701B7F39}.Release|x64.Build.0 = Release|x64
		{1C92BE46-2197-49F2-BC95-4A67701B7F39}.Release|x86.ActiveCfg = Release|Win32
		{1C92BE46-2197-49F2-BC95-4A67701B7F39}.Release|x86.Build.0 = Release|Win32
	EndGlobalSection
	GlobalSection(SolutionProperties) = preSolution
		HideSolutionNode = FALSE
	EndGlobalSection
	GlobalSection(ExtensibilityGlobals) = postSolution
		SolutionGuid = {8EC256DE-B739-4E79-A371-6CFEF0C8A465}
	EndGlobalSection
EndGlobal
